
Microsoft Visual Studio Solution File, Format Version 12.00
# Visual Studio Version 17
VisualStudioVersion = 17.0.31903.59
MinimumVisualStudioVersion = 10.0.40219.1
Project("{FAE04EC0-301F-11D3-BF4B-00C04F79EFBC}") = "Steg 2", "Steg 2\Steg 2.csproj", "{DE2E3B88-46D1-4CE6-BB13-7D016E526A31}"
EndProject
Global
	GlobalSection(SolutionConfigurationPlatforms) = preSolution
		Debug|Any CPU = Debug|Any CPU
		Release|Any CPU = Release|Any CPU
	EndGlobalSection
	GlobalSection(SolutionProperties) = preSolution
		HideSolutionNode = FALSE
	EndGlobalSection
	GlobalSection(ProjectConfigurationPlatforms) = postSolution
		{DE2E3B88-46D1-4CE6-BB13-7D016E526A31}.Debug|Any CPU.ActiveCfg = Debug|Any CPU
		{DE2E3B88-46D1-4CE6-BB13-7D016E526A31}.Debug|Any CPU.Build.0 = Debug|Any CPU
		{DE2E3B88-46D1-4CE6-BB13-7D016E526A31}.Release|Any CPU.ActiveCfg = Release|Any CPU
		{DE2E3B88-46D1-4CE6-BB13-7D016E526A31}.Release|Any CPU.Build.0 = Release|Any CPU
	EndGlobalSection
EndGlobal
